
Microsoft Visual Studio Solution File, Format Version 12.00
# Visual Studio Version 17
VisualStudioVersion = 17.4.33213.308
MinimumVisualStudioVersion = 10.0.40219.1
Project("{FAE04EC0-301F-11D3-BF4B-00C04F79EFBC}") = "asagiv.weatherai.service", "asagiv.weatherai.service\asagiv.weatherai.service.csproj", "{DF4DFFDB-0632-4BE5-ACE9-3BF54143676A}"
EndProject
Global
	GlobalSection(SolutionConfigurationPlatforms) = preSolution
		Debug|Any CPU = Debug|Any CPU
		Release|Any CPU = Release|Any CPU
	EndGlobalSection
	GlobalSection(ProjectConfigurationPlatforms) = postSolution
		{DF4DFFDB-0632-4BE5-ACE9-3BF54143676A}.Debug|Any CPU.ActiveCfg = Debug|Any CPU
		{DF4DFFDB-0632-4BE5-ACE9-3BF54143676A}.Debug|Any CPU.Build.0 = Debug|Any CPU
		{DF4DFFDB-0632-4BE5-ACE9-3BF54143676A}.Release|Any CPU.ActiveCfg = Release|Any CPU
		{DF4DFFDB-0632-4BE5-ACE9-3BF54143676A}.Release|Any CPU.Build.0 = Release|Any CPU
	EndGlobalSection
	GlobalSection(SolutionProperties) = preSolution
		HideSolutionNode = FALSE
	EndGlobalSection
	GlobalSection(ExtensibilityGlobals) = postSolution
		SolutionGuid = {CF5017D3-7E71-44A6-A143-B87A61CD6E2D}
	EndGlobalSection
EndGlobal
